
Microsoft Visual Studio Solution File, Format Version 12.00
# Visual Studio 16
Project("{FAE04EC0-301F-11D3-BF4B-00C04F79EFBC}") = "Assembly-CSharp", "Assembly-CSharp.csproj", "{80800143-54E5-0C7B-9D5C-01A41C3DDE88}"
EndProject
Global
	GlobalSection(SolutionConfigurationPlatforms) = preSolution
		Debug|Any CPU = Debug|Any CPU
		Release|Any CPU = Release|Any CPU
	EndGlobalSection
	GlobalSection(ProjectConfigurationPlatforms) = postSolution
		{80800143-54E5-0C7B-9D5C-01A41C3DDE88}.Debug|Any CPU.ActiveCfg = Debug|Any CPU
		{80800143-54E5-0C7B-9D5C-01A41C3DDE88}.Debug|Any CPU.Build.0 = Debug|Any CPU
		{80800143-54E5-0C7B-9D5C-01A41C3DDE88}.Release|Any CPU.ActiveCfg = Release|Any CPU
		{80800143-54E5-0C7B-9D5C-01A41C3DDE88}.Release|Any CPU.Build.0 = Release|Any CPU
	EndGlobalSection
	GlobalSection(SolutionProperties) = preSolution
		HideSolutionNode = FALSE
	EndGlobalSection
EndGlobal
